
Microsoft Visual Studio Solution File, Format Version 12.00
# Visual Studio Version 17
VisualStudioVersion = 17.10.35122.118
MinimumVisualStudioVersion = 10.0.40219.1
Project("{FAE04EC0-301F-11D3-BF4B-00C04F79EFBC}") = "ExcercismCSharp", "ExcercismCSharp\ExcercismCSharp.csproj", "{BEC9F2E3-0FEE-459E-933F-AB090732AAE4}"
EndProject
Project("{FAE04EC0-301F-11D3-BF4B-00C04F79EFBC}") = "ExcersicmCSharp_MSTest", "ExcersicmCSharp_MSTest\ExcersicmCSharp_MSTest.csproj", "{A4D7D643-3FA4-4CB6-AEFF-E4AACBB2AD01}"
EndProject
Global
	GlobalSection(SolutionConfigurationPlatforms) = preSolution
		Debug|Any CPU = Debug|Any CPU
		Release|Any CPU = Release|Any CPU
	EndGlobalSection
	GlobalSection(ProjectConfigurationPlatforms) = postSolution
		{BEC9F2E3-0FEE-459E-933F-AB090732AAE4}.Debug|Any CPU.ActiveCfg = Debug|Any CPU
		{BEC9F2E3-0FEE-459E-933F-AB090732AAE4}.Debug|Any CPU.Build.0 = Debug|Any CPU
		{BEC9F2E3-0FEE-459E-933F-AB090732AAE4}.Release|Any CPU.ActiveCfg = Release|Any CPU
		{BEC9F2E3-0FEE-459E-933F-AB090732AAE4}.Release|Any CPU.Build.0 = Release|Any CPU
		{A4D7D643-3FA4-4CB6-AEFF-E4AACBB2AD01}.Debug|Any CPU.ActiveCfg = Debug|Any CPU
		{A4D7D643-3FA4-4CB6-AEFF-E4AACBB2AD01}.Debug|Any CPU.Build.0 = Debug|Any CPU
		{A4D7D643-3FA4-4CB6-AEFF-E4AACBB2AD01}.Release|Any CPU.ActiveCfg = Release|Any CPU
		{A4D7D643-3FA4-4CB6-AEFF-E4AACBB2AD01}.Release|Any CPU.Build.0 = Release|Any CPU
	EndGlobalSection
	GlobalSection(SolutionProperties) = preSolution
		HideSolutionNode = FALSE
	EndGlobalSection
	GlobalSection(ExtensibilityGlobals) = postSolution
		SolutionGuid = {48A16ACE-367B-4179-8F17-FEB087E15D3F}
	EndGlobalSection
EndGlobal
